
Microsoft Visual Studio Solution File, Format Version 12.00
# Visual Studio Version 17
VisualStudioVersion = 17.7.34221.43
MinimumVisualStudioVersion = 10.0.40219.1
Project("{FAE04EC0-301F-11D3-BF4B-00C04F79EFBC}") = "Lab2ByMagwa", "Lab2ByMagwa.csproj", "{C5637B77-3CBF-4E5E-ADF9-30C4D31DE419}"
EndProject
Project("{FAE04EC0-301F-11D3-BF4B-00C04F79EFBC}") = "Lab2.CommonModules", "..\Lab2.CommonModules\Lab2.CommonModules.csproj", "{231CF0B6-CE2F-4606-B175-16278F780456}"
EndProject
Project("{FAE04EC0-301F-11D3-BF4B-00C04F79EFBC}") = "Lab2.Infrastructure", "..\Lab2.Infrastructure\Lab2.Infrastructure.csproj", "{7BD20987-87E8-4CA1-9A51-556F30AA9EF3}"
EndProject
Project("{FAE04EC0-301F-11D3-BF4B-00C04F79EFBC}") = "Lab2.Services", "..\Lab2.Services\Lab2.Services.csproj", "{225FE3FC-69E2-4E7F-9593-ACC0B63BEF8F}"
EndProject
Global
	GlobalSection(SolutionConfigurationPlatforms) = preSolution
		Debug|Any CPU = Debug|Any CPU
		Release|Any CPU = Release|Any CPU
	EndGlobalSection
	GlobalSection(ProjectConfigurationPlatforms) = postSolution
		{C5637B77-3CBF-4E5E-ADF9-30C4D31DE419}.Debug|Any CPU.ActiveCfg = Debug|Any CPU
		{C5637B77-3CBF-4E5E-ADF9-30C4D31DE419}.Debug|Any CPU.Build.0 = Debug|Any CPU
		{C5637B77-3CBF-4E5E-ADF9-30C4D31DE419}.Release|Any CPU.ActiveCfg = Release|Any CPU
		{C5637B77-3CBF-4E5E-ADF9-30C4D31DE419}.Release|Any CPU.Build.0 = Release|Any CPU
		{231CF0B6-CE2F-4606-B175-16278F780456}.Debug|Any CPU.ActiveCfg = Debug|Any CPU
		{231CF0B6-CE2F-4606-B175-16278F780456}.Debug|Any CPU.Build.0 = Debug|Any CPU
		{231CF0B6-CE2F-4606-B175-16278F780456}.Release|Any CPU.ActiveCfg = Release|Any CPU
		{231CF0B6-CE2F-4606-B175-16278F780456}.Release|Any CPU.Build.0 = Release|Any CPU
		{7BD20987-87E8-4CA1-9A51-556F30AA9EF3}.Debug|Any CPU.ActiveCfg = Debug|Any CPU
		{7BD20987-87E8-4CA1-9A51-556F30AA9EF3}.Debug|Any CPU.Build.0 = Debug|Any CPU
		{7BD20987-87E8-4CA1-9A51-556F30AA9EF3}.Release|Any CPU.ActiveCfg = Release|Any CPU
		{7BD20987-87E8-4CA1-9A51-556F30AA9EF3}.Release|Any CPU.Build.0 = Release|Any CPU
		{225FE3FC-69E2-4E7F-9593-ACC0B63BEF8F}.Debug|Any CPU.ActiveCfg = Debug|Any CPU
		{225FE3FC-69E2-4E7F-9593-ACC0B63BEF8F}.Debug|Any CPU.Build.0 = Debug|Any CPU
		{225FE3FC-69E2-4E7F-9593-ACC0B63BEF8F}.Release|Any CPU.ActiveCfg = Release|Any CPU
		{225FE3FC-69E2-4E7F-9593-ACC0B63BEF8F}.Release|Any CPU.Build.0 = Release|Any CPU
	EndGlobalSection
	GlobalSection(SolutionProperties) = preSolution
		HideSolutionNode = FALSE
	EndGlobalSection
	GlobalSection(ExtensibilityGlobals) = postSolution
		SolutionGuid = {28320DC7-2163-4EFB-AFE7-1AAF782FADF2}
	EndGlobalSection
EndGlobal
